
Microsoft Visual Studio Solution File, Format Version 12.00
# Visual Studio Version 17
VisualStudioVersion = 17.14.36429.23 d17.14
MinimumVisualStudioVersion = 10.0.40219.1
Project("{FAE04EC0-301F-11D3-BF4B-00C04F79EFBC}") = "Basketball-Academy-Management-System", "Basketball-Academy-Management-System\Basketball-Academy-Management-System.csproj", "{8CEEAC16-148B-46C4-B0CA-85DCC8A7B9D2}"
EndProject
Global
	GlobalSection(SolutionConfigurationPlatforms) = preSolution
		Debug|Any CPU = Debug|Any CPU
		Release|Any CPU = Release|Any CPU
	EndGlobalSection
	GlobalSection(ProjectConfigurationPlatforms) = postSolution
		{8CEEAC16-148B-46C4-B0CA-85DCC8A7B9D2}.Debug|Any CPU.ActiveCfg = Debug|Any CPU
		{8CEEAC16-148B-46C4-B0CA-85DCC8A7B9D2}.Debug|Any CPU.Build.0 = Debug|Any CPU
		{8CEEAC16-148B-46C4-B0CA-85DCC8A7B9D2}.Release|Any CPU.ActiveCfg = Release|Any CPU
		{8CEEAC16-148B-46C4-B0CA-85DCC8A7B9D2}.Release|Any CPU.Build.0 = Release|Any CPU
	EndGlobalSection
	GlobalSection(SolutionProperties) = preSolution
		HideSolutionNode = FALSE
	EndGlobalSection
	GlobalSection(ExtensibilityGlobals) = postSolution
		SolutionGuid = {5C304212-E98C-47C0-BAE2-98E0E12CA7A4}
	EndGlobalSection
EndGlobal
