
Microsoft Visual Studio Solution File, Format Version 12.00
# Visual Studio Version 17
VisualStudioVersion = 17.14.36429.23 d17.14
MinimumVisualStudioVersion = 10.0.40219.1
Project("{FAE04EC0-301F-11D3-BF4B-00C04F79EFBC}") = "Basketball-Academy-Management-System", "Basketball-Academy-Management-System\Basketball-Academy-Management-System.csproj", "{BE352EC3-0DCE-4FCF-9F8E-174E4D96A59D}"
EndProject
Global
	GlobalSection(SolutionConfigurationPlatforms) = preSolution
		Debug|Any CPU = Debug|Any CPU
		Release|Any CPU = Release|Any CPU
	EndGlobalSection
	GlobalSection(ProjectConfigurationPlatforms) = postSolution
		{BE352EC3-0DCE-4FCF-9F8E-174E4D96A59D}.Debug|Any CPU.ActiveCfg = Debug|Any CPU
		{BE352EC3-0DCE-4FCF-9F8E-174E4D96A59D}.Debug|Any CPU.Build.0 = Debug|Any CPU
		{BE352EC3-0DCE-4FCF-9F8E-174E4D96A59D}.Release|Any CPU.ActiveCfg = Release|Any CPU
		{BE352EC3-0DCE-4FCF-9F8E-174E4D96A59D}.Release|Any CPU.Build.0 = Release|Any CPU
	EndGlobalSection
	GlobalSection(SolutionProperties) = preSolution
		HideSolutionNode = FALSE
	EndGlobalSection
	GlobalSection(ExtensibilityGlobals) = postSolution
		SolutionGuid = {91921EE2-57BB-4A3D-A385-1A2F8470B096}
	EndGlobalSection
EndGlobal
